// !$*UTF8*$!
{
	archiveVersion = 1;
	classes = {
	};
	objectVersion = 50;
	objects = {

/* Begin PBXBuildFile section */
		BA30891226AF139700C6FF2E /* AppDelegate.swift in Sources */ = {isa = PBXBuildFile; fileRef = BA30891126AF139700C6FF2E /* AppDelegate.swift */; };
		BA30891426AF139700C6FF2E /* SceneDelegate.swift in Sources */ = {isa = PBXBuildFile; fileRef = BA30891326AF139700C6FF2E /* SceneDelegate.swift */; };
		BA30891626AF139700C6FF2E /* ViewController.swift in Sources */ = {isa = PBXBuildFile; fileRef = BA30891526AF139700C6FF2E /* ViewController.swift */; };
		BA30891926AF139700C6FF2E /* Main.storyboard in Resources */ = {isa = PBXBuildFile; fileRef = BA30891726AF139700C6FF2E /* Main.storyboard */; };
		BA30891B26AF139A00C6FF2E /* Assets.xcassets in Resources */ = {isa = PBXBuildFile; fileRef = BA30891A26AF139A00C6FF2E /* Assets.xcassets */; };
		BA30891E26AF139A00C6FF2E /* LaunchScreen.storyboard in Resources */ = {isa = PBXBuildFile; fileRef = BA30891C26AF139A00C6FF2E /* LaunchScreen.storyboard */; };
/* End PBXBuildFile section */

/* Begin PBXFileReference section */
		BA30890E26AF139700C6FF2E /* DayFinder.app */ = {isa = PBXFileReference; explicitFileType = wrapper.application; includeInIndex = 0; path = DayFinder.app; sourceTree = BUILT_PRODUCTS_DIR; };
		BA30891126AF139700C6FF2E /* AppDelegate.swift */ = {isa = PBXFileReference; lastKnownFileType = sourcecode.swift; path = AppDelegate.swift; sourceTree = "<group>"; };
		BA30891326AF139700C6FF2E /* SceneDelegate.swift */ = {isa = PBXFileReference; lastKnownFileType = sourcecode.swift; path = SceneDelegate.swift; sourceTree = "<group>"; };
		BA30891526AF139700C6FF2E /* ViewController.swift */ = {isa = PBXFileReference; lastKnownFileType = sourcecode.swift; path = ViewController.swift; sourceTree = "<group>"; };
		BA30891826AF139700C6FF2E /* Base */ = {isa = PBXFileReference; lastKnownFileType = file.storyboard; name = Base; path = Base.lproj/Main.storyboard; sourceTree = "<group>"; };
		BA30891A26AF139A00C6FF2E /* Assets.xcassets */ = {isa = PBXFileReference; lastKnownFileType = folder.assetcatalog; path = Assets.xcassets; sourceTree = "<group>"; };
		BA30891D26AF139A00C6FF2E /* Base */ = {isa = PBXFileReference; lastKnownFileType = file.storyboard; name = Base; path = Base.lproj/LaunchScreen.storyboard; sourceTree = "<group>"; };
		BA30891F26AF139A00C6FF2E /* Info.plist */ = {isa = PBXFileReference; lastKnownFileType = text.plist.xml; path = Info.plist; sourceTree = "<group>"; };
/* End PBXFileReference section */

/* Begin PBXFrameworksBuildPhase section */
		BA30890B26AF139700C6FF2E /* Frameworks */ = {
			isa = PBXFrameworksBuildPhase;
			buildActionMask = 2147483647;
			files = (
			);
			runOnlyForDeploymentPostprocessing = 0;
		};
/* End PBXFrameworksBuildPhase section */

/* Begin PBXGroup section */
		BA30890526AF139700C6FF2E = {
			isa = PBXGroup;
			children = (
				BA30891026AF139700C6FF2E /* DayFinder */,
				BA30890F26AF139700C6FF2E /* Products */,
			);
			sourceTree = "<group>";
		};
		BA30890F26AF139700C6FF2E /* Products */ = {
			isa = PBXGroup;
			children = (
				BA30890E26AF139700C6FF2E /* DayFinder.app */,
			);
			name = Products;
			sourceTree = "<group>";
		};
		BA30891026AF139700C6FF2E /* DayFinder */ = {
			isa = PBXGroup;
			children = (
				BA30892526AF154600C6FF2E /* App Delegate */,
				BA30892626AF155600C6FF2E /* Controller */,
				BA30892726AF156800C6FF2E /* View */,
				BA30891A26AF139A00C6FF2E /* Assets.xcassets */,
				BA30891F26AF139A00C6FF2E /* Info.plist */,
			);
			path = DayFinder;
			sourceTree = "<group>";
		};
		BA30892526AF154600C6FF2E /* App Delegate */ = {
			isa = PBXGroup;
			children = (
				BA30891126AF139700C6FF2E /* AppDelegate.swift */,
				BA30891326AF139700C6FF2E /* SceneDelegate.swift */,
			);
			path = "App Delegate";
			sourceTree = "<group>";
		};
		BA30892626AF155600C6FF2E /* Controller */ = {
			isa = PBXGroup;
			children = (
				BA30891526AF139700C6FF2E /* ViewController.swift */,
			);
			path = Controller;
			sourceTree = "<group>";
		};
		BA30892726AF156800C6FF2E /* View */ = {
			isa = PBXGroup;
			children = (
				BA30891726AF139700C6FF2E /* Main.storyboard */,
				BA30891C26AF139A00C6FF2E /* LaunchScreen.storyboard */,
			);
			path = View;
			sourceTree = "<group>";
		};
/* End PBXGroup section */

/* Begin PBXNativeTarget section */
		BA30890D26AF139700C6FF2E /* DayFinder */ = {
			isa = PBXNativeTarget;
			buildConfigurationList = BA30892226AF139A00C6FF2E /* Build configuration list for PBXNativeTarget "DayFinder" */;
			buildPhases = (
				BA30890A26AF139700C6FF2E /* Sources */,
				BA30890B26AF139700C6FF2E /* Frameworks */,
				BA30890C26AF139700C6FF2E /* Resources */,
			);
			buildRules = (
			);
			dependencies = (
			);
			name = DayFinder;
			productName = DayFinder;
			productReference = BA30890E26AF139700C6FF2E /* DayFinder.app */;
			productType = "com.apple.product-type.application";
		};
/* End PBXNativeTarget section */

/* Begin PBXProject section */
		BA30890626AF139700C6FF2E /* Project object */ = {
			isa = PBXProject;
			attributes = {
				LastSwiftUpdateCheck = 1250;
				LastUpgradeCheck = 1250;
				TargetAttributes = {
					BA30890D26AF139700C6FF2E = {
						CreatedOnToolsVersion = 12.5.1;
					};
				};
			};
			buildConfigurationList = BA30890926AF139700C6FF2E /* Build configuration list for PBXProject "DayFinder" */;
			compatibilityVersion = "Xcode 9.3";
			developmentRegion = en;
			hasScannedForEncodings = 0;
			knownRegions = (
				en,
				Base,
			);
			mainGroup = BA30890526AF139700C6FF2E;
			productRefGroup = BA30890F26AF139700C6FF2E /* Products */;
			projectDirPath = "";
			projectRoot = "";
			targets = (
				BA30890D26AF139700C6FF2E /* DayFinder */,
			);
		};
/* End PBXProject section */

/* Begin PBXResourcesBuildPhase section */
		BA30890C26AF139700C6FF2E /* Resources */ = {
			isa = PBXResourcesBuildPhase;
			buildActionMask = 2147483647;
			files = (
				BA30891E26AF139A00C6FF2E /* LaunchScreen.storyboard in Resources */,
				BA30891B26AF139A00C6FF2E /* Assets.xcassets in Resources */,
				BA30891926AF139700C6FF2E /* Main.storyboard in Resources */,
			);
			runOnlyForDeploymentPostprocessing = 0;
		};
/* End PBXResourcesBuildPhase section */

/* Begin PBXSourcesBuildPhase section */
		BA30890A26AF139700C6FF2E /* Sources */ = {
			isa = PBXSourcesBuildPhase;
			buildActionMask = 2147483647;
			files = (
				BA30891626AF139700C6FF2E /* ViewController.swift in Sources */,
				BA30891226AF139700C6FF2E /* AppDelegate.swift in Sources */,
				BA30891426AF139700C6FF2E /* SceneDelegate.swift in Sources */,
			);
			runOnlyForDeploymentPostprocessing = 0;
		};
/* End PBXSourcesBuildPhase section */

/* Begin PBXVariantGroup section */
		BA30891726AF139700C6FF2E /* Main.storyboard */ = {
			isa = PBXVariantGroup;
			children = (
				BA30891826AF139700C6FF2E /* Base */,
			);
			name = Main.storyboard;
			sourceTree = "<group>";
		};
		BA30891C26AF139A00C6FF2E /* LaunchScreen.storyboard */ = {
			isa = PBXVariantGroup;
			children = (
				BA30891D26AF139A00C6FF2E /* Base */,
			);
			name = LaunchScreen.storyboard;
			sourceTree = "<group>";
		};
/* End PBXVariantGroup section */

/* Begin XCBuildConfiguration section */
		BA30892026AF139A00C6FF2E /* Debug */ = {
			isa = XCBuildConfiguration;
			buildSettings = {
				ALWAYS_SEARCH_USER_PATHS = NO;
				CLANG_ANALYZER_NONNULL = YES;
				CLANG_ANALYZER_NUMBER_OBJECT_CONVERSION = YES_AGGRESSIVE;
				CLANG_CXX_LANGUAGE_STANDARD = "gnu++14";
				CLANG_CXX_LIBRARY = "libc++";
				CLANG_ENABLE_MODULES = YES;
				CLANG_ENABLE_OBJC_ARC = YES;
				CLANG_ENABLE_OBJC_WEAK = YES;
				CLANG_WARN_BLOCK_CAPTURE_AUTORELEASING = YES;
				CLANG_WARN_BOOL_CONVERSION = YES;
				CLANG_WARN_COMMA = YES;
				CLANG_WARN_CONSTANT_CONVERSION = YES;
				CLANG_WARN_DEPRECATED_OBJC_IMPLEMENTATIONS = YES;
				CLANG_WARN_DIRECT_OBJC_ISA_USAGE = YES_ERROR;
				CLANG_WARN_DOCUMENTATION_COMMENTS = YES;
				CLANG_WARN_EMPTY_BODY = YES;
				CLANG_WARN_ENUM_CONVERSION = YES;
				CLANG_WARN_INFINITE_RECURSION = YES;
				CLANG_WARN_INT_CONVERSION = YES;
				CLANG_WARN_NON_LITERAL_NULL_CONVERSION = YES;
				CLANG_WARN_OBJC_IMPLICIT_RETAIN_SELF = YES;
				CLANG_WARN_OBJC_LITERAL_CONVERSION = YES;
				CLANG_WARN_OBJC_ROOT_CLASS = YES_ERROR;
				CLANG_WARN_QUOTED_INCLUDE_IN_FRAMEWORK_HEADER = YES;
				CLANG_WARN_RANGE_LOOP_ANALYSIS = YES;
				CLANG_WARN_STRICT_PROTOTYPES = YES;
				CLANG_WARN_SUSPICIOUS_MOVE = YES;
				CLANG_WARN_UNGUARDED_AVAILABILITY = YES_AGGRESSIVE;
				CLANG_WARN_UNREACHABLE_CODE = YES;
				CLANG_WARN__DUPLICATE_METHOD_MATCH = YES;
				COPY_PHASE_STRIP = NO;
				DEBUG_INFORMATION_FORMAT = dwarf;
				ENABLE_STRICT_OBJC_MSGSEND = YES;
				ENABLE_TESTABILITY = YES;
				GCC_C_LANGUAGE_STANDARD = gnu11;
				GCC_DYNAMIC_NO_PIC = NO;
				GCC_NO_COMMON_BLOCKS = YES;
				GCC_OPTIMIZATION_LEVEL = 0;
				GCC_PREPROCESSOR_DEFINITIONS = (
					"DEBUG=1",
					"$(inherited)",
				);
				GCC_WARN_64_TO_32_BIT_CONVERSION = YES;
				GCC_WARN_ABOUT_RETURN_TYPE = YES_ERROR;
				GCC_WARN_UNDECLARED_SELECTOR = YES;
				GCC_WARN_UNINITIALIZED_AUTOS = YES_AGGRESSIVE;
				GCC_WARN_UNUSED_FUNCTION = YES;
				GCC_WARN_UNUSED_VARIABLE = YES;
				IPHONEOS_DEPLOYMENT_TARGET = 14.5;
				MTL_ENABLE_DEBUG_INFO = INCLUDE_SOURCE;
				MTL_FAST_MATH = YES;
				ONLY_ACTIVE_ARCH = YES;
				SDKROOT = iphoneos;
				SWIFT_ACTIVE_COMPILATION_CONDITIONS = DEBUG;
				SWIFT_OPTIMIZATION_LEVEL = "-Onone";
			};
			name = Debug;
		};
		BA30892126AF139A00C6FF2E /* Release */ = {
			isa = XCBuildConfiguration;
			buildSettings = {
				ALWAYS_SEARCH_USER_PATHS = NO;
				CLANG_ANALYZER_NONNULL = YES;
				CLANG_ANALYZER_NUMBER_OBJECT_CONVERSION = YES_AGGRESSIVE;
				CLANG_CXX_LANGUAGE_STANDARD = "gnu++14";
				CLANG_CXX_LIBRARY = "libc++";
				CLANG_ENABLE_MODULES = YES;
				CLANG_ENABLE_OBJC_ARC = YES;
				CLANG_ENABLE_OBJC_WEAK = YES;
				CLANG_WARN_BLOCK_CAPTURE_AUTORELEASING = YES;
				CLANG_WARN_BOOL_CONVERSION = YES;
				CLANG_WARN_COMMA = YES;
				CLANG_WARN_CONSTANT_CONVERSION = YES;
				CLANG_WARN_DEPRECATED_OBJC_IMPLEMENTATIONS = YES;
				CLANG_WARN_DIRECT_OBJC_ISA_USAGE = YES_ERROR;
				CLANG_WARN_DOCUMENTATION_COMMENTS = YES;
				CLANG_WARN_EMPTY_BODY = YES;
				CLANG_WARN_ENUM_CONVERSION = YES;
				CLANG_WARN_INFINITE_RECURSION = YES;
				CLANG_WARN_INT_CONVERSION = YES;
				CLANG_WARN_NON_LITERAL_NULL_CONVERSION = YES;
				CLANG_WARN_OBJC_IMPLICIT_RETAIN_SELF = YES;
				CLANG_WARN_OBJC_LITERAL_CONVERSION = YES;
				CLANG_WARN_OBJC_ROOT_CLASS = YES_ERROR;
				CLANG_WARN_QUOTED_INCLUDE_IN_FRAMEWORK_HEADER = YES;
				CLANG_WARN_RANGE_LOOP_ANALYSIS = YES;
				CLANG_WARN_STRICT_PROTOTYPES = YES;
				CLANG_WARN_SUSPICIOUS_MOVE = YES;
				CLANG_WARN_UNGUARDED_AVAILABILITY = YES_AGGRESSIVE;
				CLANG_WARN_UNREACHABLE_CODE = YES;
				CLANG_WARN__DUPLICATE_METHOD_MATCH = YES;
				COPY_PHASE_STRIP = NO;
				DEBUG_INFORMATION_FORMAT = "dwarf-with-dsym";
				ENABLE_NS_ASSERTIONS = NO;
				ENABLE_STRICT_OBJC_MSGSEND = YES;
				GCC_C_LANGUAGE_STANDARD = gnu11;
				GCC_NO_COMMON_BLOCKS = YES;
				GCC_WARN_64_TO_32_BIT_CONVERSION = YES;
				GCC_WARN_ABOUT_RETURN_TYPE = YES_ERROR;
				GCC_WARN_UNDECLARED_SELECTOR = YES;
				GCC_WARN_UNINITIALIZED_AUTOS = YES_AGGRESSIVE;
				GCC_WARN_UNUSED_FUNCTION = YES;
				GCC_WARN_UNUSED_VARIABLE = YES;
				IPHONEOS_DEPLOYMENT_TARGET = 14.5;
				MTL_ENABLE_DEBUG_INFO = NO;
				MTL_FAST_MATH = YES;
				SDKROOT = iphoneos;
				SWIFT_COMPILATION_MODE = wholemodule;
				SWIFT_OPTIMIZATION_LEVEL = "-O";
				VALIDATE_PRODUCT = YES;
			};
			name = Release;
		};
		BA30892326AF139A00C6FF2E /* Debug */ = {
			isa = XCBuildConfiguration;
			buildSettings = {
				ASSETCATALOG_COMPILER_APPICON_NAME = AppIcon;
				ASSETCATALOG_COMPILER_GLOBAL_ACCENT_COLOR_NAME = AccentColor;
				CODE_SIGN_STYLE = Automatic;
				DEVELOPMENT_TEAM = NJY4X7G9MR;
				INFOPLIST_FILE = DayFinder/Info.plist;
				LD_RUNPATH_SEARCH_PATHS = (
					"$(inherited)",
					"@executable_path/Frameworks",
				);
				PRODUCT_BUNDLE_IDENTIFIER = com.linda.zande.DayFinder;
				PRODUCT_NAME = "$(TARGET_NAME)";
				SWIFT_VERSION = 5.0;
				TARGETED_DEVICE_FAMILY = "1,2";
			};
			name = Debug;
		};
		BA30892426AF139A00C6FF2E /* Release */ = {
			isa = XCBuildConfiguration;
			buildSettings = {
				ASSETCATALOG_COMPILER_APPICON_NAME = AppIcon;
				ASSETCATALOG_COMPILER_GLOBAL_ACCENT_COLOR_NAME = AccentColor;
				CODE_SIGN_STYLE = Automatic;
				DEVELOPMENT_TEAM = NJY4X7G9MR;
				INFOPLIST_FILE = DayFinder/Info.plist;
				LD_RUNPATH_SEARCH_PATHS = (
					"$(inherited)",
					"@executable_path/Frameworks",
				);
				PRODUCT_BUNDLE_IDENTIFIER = com.linda.zande.DayFinder;
				PRODUCT_NAME = "$(TARGET_NAME)";
				SWIFT_VERSION = 5.0;
				TARGETED_DEVICE_FAMILY = "1,2";
			};
			name = Release;
		};
/* End XCBuildConfiguration section */

/* Begin XCConfigurationList section */
		BA30890926AF139700C6FF2E /* Build configuration list for PBXProject "DayFinder" */ = {
			isa = XCConfigurationList;
			buildConfigurations = (
				BA30892026AF139A00C6FF2E /* Debug */,
				BA30892126AF139A00C6FF2E /* Release */,
			);
			defaultConfigurationIsVisible = 0;
			defaultConfigurationName = Release;
		};
		BA30892226AF139A00C6FF2E /* Build configuration list for PBXNativeTarget "DayFinder" */ = {
			isa = XCConfigurationList;
			buildConfigurations = (
				BA30892326AF139A00C6FF2E /* Debug */,
				BA30892426AF139A00C6FF2E /* Release */,
			);
			defaultConfigurationIsVisible = 0;
			defaultConfigurationName = Release;
		};
/* End XCConfigurationList section */
	};
	rootObject = BA30890626AF139700C6FF2E /* Project object */;
}
